
Microsoft Visual Studio Solution File, Format Version 12.00
# Visual Studio 15
VisualStudioVersion = 15.0.26730.12
MinimumVisualStudioVersion = 10.0.40219.1
Project("{FAE04EC0-301F-11D3-BF4B-00C04F79EFBC}") = "HenkINF370", "HenkINF370\HenkINF370.csproj", "{F4534CBD-AF5E-4E38-9E9C-130B0BF2340F}"
EndProject
Global
	GlobalSection(SolutionConfigurationPlatforms) = preSolution
		Debug|Any CPU = Debug|Any CPU
		Release|Any CPU = Release|Any CPU
	EndGlobalSection
	GlobalSection(ProjectConfigurationPlatforms) = postSolution
		{F4534CBD-AF5E-4E38-9E9C-130B0BF2340F}.Debug|Any CPU.ActiveCfg = Debug|Any CPU
		{F4534CBD-AF5E-4E38-9E9C-130B0BF2340F}.Debug|Any CPU.Build.0 = Debug|Any CPU
		{F4534CBD-AF5E-4E38-9E9C-130B0BF2340F}.Release|Any CPU.ActiveCfg = Release|Any CPU
		{F4534CBD-AF5E-4E38-9E9C-130B0BF2340F}.Release|Any CPU.Build.0 = Release|Any CPU
	EndGlobalSection
	GlobalSection(SolutionProperties) = preSolution
		HideSolutionNode = FALSE
	EndGlobalSection
	GlobalSection(ExtensibilityGlobals) = postSolution
		SolutionGuid = {86470483-30C7-4BD0-B099-5ACDB30872F1}
	EndGlobalSection
EndGlobal
